
Microsoft Visual Studio Solution File, Format Version 12.00
# Visual Studio Version 17
VisualStudioVersion = 17.10.35027.167
MinimumVisualStudioVersion = 10.0.40219.1
Project("{FAE04EC0-301F-11D3-BF4B-00C04F79EFBC}") = "DragonsHohle", "DragonsHohle\DragonsHohle.csproj", "{C4E78121-ECEA-490D-A5AD-6FBBD110BC6B}"
EndProject
Global
	GlobalSection(SolutionConfigurationPlatforms) = preSolution
		Debug|Any CPU = Debug|Any CPU
		Release|Any CPU = Release|Any CPU
	EndGlobalSection
	GlobalSection(ProjectConfigurationPlatforms) = postSolution
		{C4E78121-ECEA-490D-A5AD-6FBBD110BC6B}.Debug|Any CPU.ActiveCfg = Debug|Any CPU
		{C4E78121-ECEA-490D-A5AD-6FBBD110BC6B}.Debug|Any CPU.Build.0 = Debug|Any CPU
		{C4E78121-ECEA-490D-A5AD-6FBBD110BC6B}.Release|Any CPU.ActiveCfg = Release|Any CPU
		{C4E78121-ECEA-490D-A5AD-6FBBD110BC6B}.Release|Any CPU.Build.0 = Release|Any CPU
	EndGlobalSection
	GlobalSection(SolutionProperties) = preSolution
		HideSolutionNode = FALSE
	EndGlobalSection
	GlobalSection(ExtensibilityGlobals) = postSolution
		SolutionGuid = {B8D0D3DE-7F8D-4022-A33B-52608436E4F7}
	EndGlobalSection
EndGlobal
